// !$*UTF8*$!
{
	archiveVersion = 1;
	classes = {
	};
	objectVersion = 46;
	objects = {

/* Begin PBXBuildFile section */
		BD1CB7E81E3F4C0100E652B1 /* main.m in Sources */ = {isa = PBXBuildFile; fileRef = BD1CB7E71E3F4C0100E652B1 /* main.m */; };
		BD1CB7EB1E3F4C0100E652B1 /* AppDelegate.m in Sources */ = {isa = PBXBuildFile; fileRef = BD1CB7EA1E3F4C0100E652B1 /* AppDelegate.m */; };
		BD1CB7EE1E3F4C0100E652B1 /* ViewController.m in Sources */ = {isa = PBXBuildFile; fileRef = BD1CB7ED1E3F4C0100E652B1 /* ViewController.m */; };
		BD1CB7F11E3F4C0100E652B1 /* Main.storyboard in Resources */ = {isa = PBXBuildFile; fileRef = BD1CB7EF1E3F4C0100E652B1 /* Main.storyboard */; };
		BD1CB7F31E3F4C0100E652B1 /* Assets.xcassets in Resources */ = {isa = PBXBuildFile; fileRef = BD1CB7F21E3F4C0100E652B1 /* Assets.xcassets */; };
		BD1CB7F61E3F4C0100E652B1 /* LaunchScreen.storyboard in Resources */ = {isa = PBXBuildFile; fileRef = BD1CB7F41E3F4C0100E652B1 /* LaunchScreen.storyboard */; };
/* End PBXBuildFile section */

/* Begin PBXFileReference section */
		BD1CB7E31E3F4C0100E652B1 /* DynamicTrayDemo2.app */ = {isa = PBXFileReference; explicitFileType = wrapper.application; includeInIndex = 0; path = DynamicTrayDemo2.app; sourceTree = BUILT_PRODUCTS_DIR; };
		BD1CB7E71E3F4C0100E652B1 /* main.m */ = {isa = PBXFileReference; lastKnownFileType = sourcecode.c.objc; path = main.m; sourceTree = "<group>"; };
		BD1CB7E91E3F4C0100E652B1 /* AppDelegate.h */ = {isa = PBXFileReference; lastKnownFileType = sourcecode.c.h; path = AppDelegate.h; sourceTree = "<group>"; };
		BD1CB7EA1E3F4C0100E652B1 /* AppDelegate.m */ = {isa = PBXFileReference; lastKnownFileType = sourcecode.c.objc; path = AppDelegate.m; sourceTree = "<group>"; };
		BD1CB7EC1E3F4C0100E652B1 /* ViewController.h */ = {isa = PBXFileReference; lastKnownFileType = sourcecode.c.h; path = ViewController.h; sourceTree = "<group>"; };
		BD1CB7ED1E3F4C0100E652B1 /* ViewController.m */ = {isa = PBXFileReference; lastKnownFileType = sourcecode.c.objc; path = ViewController.m; sourceTree = "<group>"; };
		BD1CB7F01E3F4C0100E652B1 /* Base */ = {isa = PBXFileReference; lastKnownFileType = file.storyboard; name = Base; path = Base.lproj/Main.storyboard; sourceTree = "<group>"; };
		BD1CB7F21E3F4C0100E652B1 /* Assets.xcassets */ = {isa = PBXFileReference; lastKnownFileType = folder.assetcatalog; path = Assets.xcassets; sourceTree = "<group>"; };
		BD1CB7F51E3F4C0100E652B1 /* Base */ = {isa = PBXFileReference; lastKnownFileType = file.storyboard; name = Base; path = Base.lproj/LaunchScreen.storyboard; sourceTree = "<group>"; };
		BD1CB7F71E3F4C0100E652B1 /* Info.plist */ = {isa = PBXFileReference; lastKnownFileType = text.plist.xml; path = Info.plist; sourceTree = "<group>"; };
/* End PBXFileReference section */

/* Begin PBXFrameworksBuildPhase section */
		BD1CB7E01E3F4C0100E652B1 /* Frameworks */ = {
			isa = PBXFrameworksBuildPhase;
			buildActionMask = 2147483647;
			files = (
			);
			runOnlyForDeploymentPostprocessing = 0;
		};
/* End PBXFrameworksBuildPhase section */

/* Begin PBXGroup section */
		BD1CB7DA1E3F4C0100E652B1 = {
			isa = PBXGroup;
			children = (
				BD1CB7E51E3F4C0100E652B1 /* DynamicTrayDemo2 */,
				BD1CB7E41E3F4C0100E652B1 /* Products */,
			);
			sourceTree = "<group>";
		};
		BD1CB7E41E3F4C0100E652B1 /* Products */ = {
			isa = PBXGroup;
			children = (
				BD1CB7E31E3F4C0100E652B1 /* DynamicTrayDemo2.app */,
			);
			name = Products;
			sourceTree = "<group>";
		};
		BD1CB7E51E3F4C0100E652B1 /* DynamicTrayDemo2 */ = {
			isa = PBXGroup;
			children = (
				BD1CB7E91E3F4C0100E652B1 /* AppDelegate.h */,
				BD1CB7EA1E3F4C0100E652B1 /* AppDelegate.m */,
				BD1CB7EC1E3F4C0100E652B1 /* ViewController.h */,
				BD1CB7ED1E3F4C0100E652B1 /* ViewController.m */,
				BD1CB7EF1E3F4C0100E652B1 /* Main.storyboard */,
				BD1CB7F21E3F4C0100E652B1 /* Assets.xcassets */,
				BD1CB7F41E3F4C0100E652B1 /* LaunchScreen.storyboard */,
				BD1CB7F71E3F4C0100E652B1 /* Info.plist */,
				BD1CB7E61E3F4C0100E652B1 /* Supporting Files */,
			);
			path = DynamicTrayDemo2;
			sourceTree = "<group>";
		};
		BD1CB7E61E3F4C0100E652B1 /* Supporting Files */ = {
			isa = PBXGroup;
			children = (
				BD1CB7E71E3F4C0100E652B1 /* main.m */,
			);
			name = "Supporting Files";
			sourceTree = "<group>";
		};
/* End PBXGroup section */

/* Begin PBXNativeTarget section */
		BD1CB7E21E3F4C0100E652B1 /* DynamicTrayDemo2 */ = {
			isa = PBXNativeTarget;
			buildConfigurationList = BD1CB7FA1E3F4C0100E652B1 /* Build configuration list for PBXNativeTarget "DynamicTrayDemo2" */;
			buildPhases = (
				BD1CB7DF1E3F4C0100E652B1 /* Sources */,
				BD1CB7E01E3F4C0100E652B1 /* Frameworks */,
				BD1CB7E11E3F4C0100E652B1 /* Resources */,
			);
			buildRules = (
			);
			dependencies = (
			);
			name = DynamicTrayDemo2;
			productName = DynamicTrayDemo2;
			productReference = BD1CB7E31E3F4C0100E652B1 /* DynamicTrayDemo2.app */;
			productType = "com.apple.product-type.application";
		};
/* End PBXNativeTarget section */

/* Begin PBXProject section */
		BD1CB7DB1E3F4C0100E652B1 /* Project object */ = {
			isa = PBXProject;
			attributes = {
				LastUpgradeCheck = 0820;
				ORGANIZATIONNAME = "Changzhou Panda";
				TargetAttributes = {
					BD1CB7E21E3F4C0100E652B1 = {
						CreatedOnToolsVersion = 8.2.1;
						ProvisioningStyle = Automatic;
					};
				};
			};
			buildConfigurationList = BD1CB7DE1E3F4C0100E652B1 /* Build configuration list for PBXProject "DynamicTrayDemo2" */;
			compatibilityVersion = "Xcode 3.2";
			developmentRegion = English;
			hasScannedForEncodings = 0;
			knownRegions = (
				en,
				Base,
			);
			mainGroup = BD1CB7DA1E3F4C0100E652B1;
			productRefGroup = BD1CB7E41E3F4C0100E652B1 /* Products */;
			projectDirPath = "";
			projectRoot = "";
			targets = (
				BD1CB7E21E3F4C0100E652B1 /* DynamicTrayDemo2 */,
			);
		};
/* End PBXProject section */

/* Begin PBXResourcesBuildPhase section */
		BD1CB7E11E3F4C0100E652B1 /* Resources */ = {
			isa = PBXResourcesBuildPhase;
			buildActionMask = 2147483647;
			files = (
				BD1CB7F61E3F4C0100E652B1 /* LaunchScreen.storyboard in Resources */,
				BD1CB7F31E3F4C0100E652B1 /* Assets.xcassets in Resources */,
				BD1CB7F11E3F4C0100E652B1 /* Main.storyboard in Resources */,
			);
			runOnlyForDeploymentPostprocessing = 0;
		};
/* End PBXResourcesBuildPhase section */

/* Begin PBXSourcesBuildPhase section */
		BD1CB7DF1E3F4C0100E652B1 /* Sources */ = {
			isa = PBXSourcesBuildPhase;
			buildActionMask = 2147483647;
			files = (
				BD1CB7EE1E3F4C0100E652B1 /* ViewController.m in Sources */,
				BD1CB7EB1E3F4C0100E652B1 /* AppDelegate.m in Sources */,
				BD1CB7E81E3F4C0100E652B1 /* main.m in Sources */,
			);
			runOnlyForDeploymentPostprocessing = 0;
		};
/* End PBXSourcesBuildPhase section */

/* Begin PBXVariantGroup section */
		BD1CB7EF1E3F4C0100E652B1 /* Main.storyboard */ = {
			isa = PBXVariantGroup;
			children = (
				BD1CB7F01E3F4C0100E652B1 /* Base */,
			);
			name = Main.storyboard;
			sourceTree = "<group>";
		};
		BD1CB7F41E3F4C0100E652B1 /* LaunchScreen.storyboard */ = {
			isa = PBXVariantGroup;
			children = (
				BD1CB7F51E3F4C0100E652B1 /* Base */,
			);
			name = LaunchScreen.storyboard;
			sourceTree = "<group>";
		};
/* End PBXVariantGroup section */

/* Begin XCBuildConfiguration section */
		BD1CB7F81E3F4C0100E652B1 /* Debug */ = {
			isa = XCBuildConfiguration;
			buildSettings = {
				ALWAYS_SEARCH_USER_PATHS = NO;
				CLANG_ANALYZER_NONNULL = YES;
				CLANG_CXX_LANGUAGE_STANDARD = "gnu++0x";
				CLANG_CXX_LIBRARY = "libc++";
				CLANG_ENABLE_MODULES = YES;
				CLANG_ENABLE_OBJC_ARC = YES;
				CLANG_WARN_BOOL_CONVERSION = YES;
				CLANG_WARN_CONSTANT_CONVERSION = YES;
				CLANG_WARN_DIRECT_OBJC_ISA_USAGE = YES_ERROR;
				CLANG_WARN_DOCUMENTATION_COMMENTS = YES;
				CLANG_WARN_EMPTY_BODY = YES;
				CLANG_WARN_ENUM_CONVERSION = YES;
				CLANG_WARN_INFINITE_RECURSION = YES;
				CLANG_WARN_INT_CONVERSION = YES;
				CLANG_WARN_OBJC_ROOT_CLASS = YES_ERROR;
				CLANG_WARN_SUSPICIOUS_MOVE = YES;
				CLANG_WARN_UNREACHABLE_CODE = YES;
				CLANG_WARN__DUPLICATE_METHOD_MATCH = YES;
				"CODE_SIGN_IDENTITY[sdk=iphoneos*]" = "iPhone Developer";
				COPY_PHASE_STRIP = NO;
				DEBUG_INFORMATION_FORMAT = dwarf;
				ENABLE_STRICT_OBJC_MSGSEND = YES;
				ENABLE_TESTABILITY = YES;
				GCC_C_LANGUAGE_STANDARD = gnu99;
				GCC_DYNAMIC_NO_PIC = NO;
				GCC_NO_COMMON_BLOCKS = YES;
				GCC_OPTIMIZATION_LEVEL = 0;
				GCC_PREPROCESSOR_DEFINITIONS = (
					"DEBUG=1",
					"$(inherited)",
				);
				GCC_WARN_64_TO_32_BIT_CONVERSION = YES;
				GCC_WARN_ABOUT_RETURN_TYPE = YES_ERROR;
				GCC_WARN_UNDECLARED_SELECTOR = YES;
				GCC_WARN_UNINITIALIZED_AUTOS = YES_AGGRESSIVE;
				GCC_WARN_UNUSED_FUNCTION = YES;
				GCC_WARN_UNUSED_VARIABLE = YES;
				IPHONEOS_DEPLOYMENT_TARGET = 10.2;
				MTL_ENABLE_DEBUG_INFO = YES;
				ONLY_ACTIVE_ARCH = YES;
				SDKROOT = iphoneos;
				TARGETED_DEVICE_FAMILY = "1,2";
			};
			name = Debug;
		};
		BD1CB7F91E3F4C0100E652B1 /* Release */ = {
			isa = XCBuildConfiguration;
			buildSettings = {
				ALWAYS_SEARCH_USER_PATHS = NO;
				CLANG_ANALYZER_NONNULL = YES;
				CLANG_CXX_LANGUAGE_STANDARD = "gnu++0x";
				CLANG_CXX_LIBRARY = "libc++";
				CLANG_ENABLE_MODULES = YES;
				CLANG_ENABLE_OBJC_ARC = YES;
				CLANG_WARN_BOOL_CONVERSION = YES;
				CLANG_WARN_CONSTANT_CONVERSION = YES;
				CLANG_WARN_DIRECT_OBJC_ISA_USAGE = YES_ERROR;
				CLANG_WARN_DOCUMENTATION_COMMENTS = YES;
				CLANG_WARN_EMPTY_BODY = YES;
				CLANG_WARN_ENUM_CONVERSION = YES;
				CLANG_WARN_INFINITE_RECURSION = YES;
				CLANG_WARN_INT_CONVERSION = YES;
				CLANG_WARN_OBJC_ROOT_CLASS = YES_ERROR;
				CLANG_WARN_SUSPICIOUS_MOVE = YES;
				CLANG_WARN_UNREACHABLE_CODE = YES;
				CLANG_WARN__DUPLICATE_METHOD_MATCH = YES;
				"CODE_SIGN_IDENTITY[sdk=iphoneos*]" = "iPhone Developer";
				COPY_PHASE_STRIP = NO;
				DEBUG_INFORMATION_FORMAT = "dwarf-with-dsym";
				ENABLE_NS_ASSERTIONS = NO;
				ENABLE_STRICT_OBJC_MSGSEND = YES;
				GCC_C_LANGUAGE_STANDARD = gnu99;
				GCC_NO_COMMON_BLOCKS = YES;
				GCC_WARN_64_TO_32_BIT_CONVERSION = YES;
				GCC_WARN_ABOUT_RETURN_TYPE = YES_ERROR;
				GCC_WARN_UNDECLARED_SELECTOR = YES;
				GCC_WARN_UNINITIALIZED_AUTOS = YES_AGGRESSIVE;
				GCC_WARN_UNUSED_FUNCTION = YES;
				GCC_WARN_UNUSED_VARIABLE = YES;
				IPHONEOS_DEPLOYMENT_TARGET = 10.2;
				MTL_ENABLE_DEBUG_INFO = NO;
				SDKROOT = iphoneos;
				TARGETED_DEVICE_FAMILY = "1,2";
				VALIDATE_PRODUCT = YES;
			};
			name = Release;
		};
		BD1CB7FB1E3F4C0100E652B1 /* Debug */ = {
			isa = XCBuildConfiguration;
			buildSettings = {
				ASSETCATALOG_COMPILER_APPICON_NAME = AppIcon;
				INFOPLIST_FILE = DynamicTrayDemo2/Info.plist;
				LD_RUNPATH_SEARCH_PATHS = "$(inherited) @executable_path/Frameworks";
				PRODUCT_BUNDLE_IDENTIFIER = com.changzhoupanda.DynamicTrayDemo2;
				PRODUCT_NAME = "$(TARGET_NAME)";
			};
			name = Debug;
		};
		BD1CB7FC1E3F4C0100E652B1 /* Release */ = {
			isa = XCBuildConfiguration;
			buildSettings = {
				ASSETCATALOG_COMPILER_APPICON_NAME = AppIcon;
				INFOPLIST_FILE = DynamicTrayDemo2/Info.plist;
				LD_RUNPATH_SEARCH_PATHS = "$(inherited) @executable_path/Frameworks";
				PRODUCT_BUNDLE_IDENTIFIER = com.changzhoupanda.DynamicTrayDemo2;
				PRODUCT_NAME = "$(TARGET_NAME)";
			};
			name = Release;
		};
/* End XCBuildConfiguration section */

/* Begin XCConfigurationList section */
		BD1CB7DE1E3F4C0100E652B1 /* Build configuration list for PBXProject "DynamicTrayDemo2" */ = {
			isa = XCConfigurationList;
			buildConfigurations = (
				BD1CB7F81E3F4C0100E652B1 /* Debug */,
				BD1CB7F91E3F4C0100E652B1 /* Release */,
			);
			defaultConfigurationIsVisible = 0;
			defaultConfigurationName = Release;
		};
		BD1CB7FA1E3F4C0100E652B1 /* Build configuration list for PBXNativeTarget "DynamicTrayDemo2" */ = {
			isa = XCConfigurationList;
			buildConfigurations = (
				BD1CB7FB1E3F4C0100E652B1 /* Debug */,
				BD1CB7FC1E3F4C0100E652B1 /* Release */,
			);
			defaultConfigurationIsVisible = 0;
		};
/* End XCConfigurationList section */
	};
	rootObject = BD1CB7DB1E3F4C0100E652B1 /* Project object */;
}
